
Microsoft Visual Studio Solution File, Format Version 12.00
# Visual Studio Version 16
VisualStudioVersion = 16.0.30523.141
MinimumVisualStudioVersion = 10.0.40219.1
Project("{FAE04EC0-301F-11D3-BF4B-00C04F79EFBC}") = "ExchangeApp.Web", "ExchangeApp.Web\ExchangeApp.Web.csproj", "{DCBBA92A-DA2A-492F-82F6-359BF6C05F25}"
EndProject
Global
	GlobalSection(SolutionConfigurationPlatforms) = preSolution
		Debug|Any CPU = Debug|Any CPU
		Release|Any CPU = Release|Any CPU
	EndGlobalSection
	GlobalSection(ProjectConfigurationPlatforms) = postSolution
		{DCBBA92A-DA2A-492F-82F6-359BF6C05F25}.Debug|Any CPU.ActiveCfg = Debug|Any CPU
		{DCBBA92A-DA2A-492F-82F6-359BF6C05F25}.Debug|Any CPU.Build.0 = Debug|Any CPU
		{DCBBA92A-DA2A-492F-82F6-359BF6C05F25}.Release|Any CPU.ActiveCfg = Release|Any CPU
		{DCBBA92A-DA2A-492F-82F6-359BF6C05F25}.Release|Any CPU.Build.0 = Release|Any CPU
	EndGlobalSection
	GlobalSection(SolutionProperties) = preSolution
		HideSolutionNode = FALSE
	EndGlobalSection
	GlobalSection(ExtensibilityGlobals) = postSolution
		SolutionGuid = {A1E5C1B7-9FAC-4862-8E75-F4BA91E18363}
	EndGlobalSection
EndGlobal
